
Microsoft Visual Studio Solution File, Format Version 12.00
# Visual Studio Version 17
VisualStudioVersion = 17.2.32616.157
MinimumVisualStudioVersion = 10.0.40219.1
Project("{FAE04EC0-301F-11D3-BF4B-00C04F79EFBC}") = "ProposalAPI", "ProposalAPI\ProposalAPI.csproj", "{C189A74C-5CBE-400A-8E1D-90683E8D3873}"
EndProject
Project("{E24C65DC-7377-472B-9ABA-BC803B73C61A}") = "workify", "workify\", "{D58C36E3-4AD5-497D-810A-605C6BBF330C}"
	ProjectSection(WebsiteProperties) = preProject
		TargetFrameworkMoniker = ".NETFramework,Version%3Dv4.8"
		Debug.AspNetCompiler.VirtualPath = "/localhost_63292"
		Debug.AspNetCompiler.PhysicalPath = "workify\"
		Debug.AspNetCompiler.TargetPath = "PrecompiledWeb\localhost_63292\"
		Debug.AspNetCompiler.Updateable = "true"
		Debug.AspNetCompiler.ForceOverwrite = "true"
		Debug.AspNetCompiler.FixedNames = "false"
		Debug.AspNetCompiler.Debug = "True"
		Release.AspNetCompiler.VirtualPath = "/localhost_63292"
		Release.AspNetCompiler.PhysicalPath = "workify\"
		Release.AspNetCompiler.TargetPath = "PrecompiledWeb\localhost_63292\"
		Release.AspNetCompiler.Updateable = "true"
		Release.AspNetCompiler.ForceOverwrite = "true"
		Release.AspNetCompiler.FixedNames = "false"
		Release.AspNetCompiler.Debug = "False"
		VWDPort = "63292"
		SlnRelativePath = "workify\"
	EndProjectSection
EndProject
Project("{FAE04EC0-301F-11D3-BF4B-00C04F79EFBC}") = "ProposalAPI.Core", "ProposalAPI.Core\ProposalAPI.Core.csproj", "{A6FD7B17-2C1C-4000-8BBF-DA2699C25507}"
EndProject
Global
	GlobalSection(SolutionConfigurationPlatforms) = preSolution
		Debug|Any CPU = Debug|Any CPU
		Release|Any CPU = Release|Any CPU
	EndGlobalSection
	GlobalSection(ProjectConfigurationPlatforms) = postSolution
		{C189A74C-5CBE-400A-8E1D-90683E8D3873}.Debug|Any CPU.ActiveCfg = Debug|Any CPU
		{C189A74C-5CBE-400A-8E1D-90683E8D3873}.Debug|Any CPU.Build.0 = Debug|Any CPU
		{C189A74C-5CBE-400A-8E1D-90683E8D3873}.Release|Any CPU.ActiveCfg = Release|Any CPU
		{C189A74C-5CBE-400A-8E1D-90683E8D3873}.Release|Any CPU.Build.0 = Release|Any CPU
		{D58C36E3-4AD5-497D-810A-605C6BBF330C}.Debug|Any CPU.ActiveCfg = Debug|Any CPU
		{D58C36E3-4AD5-497D-810A-605C6BBF330C}.Debug|Any CPU.Build.0 = Debug|Any CPU
		{D58C36E3-4AD5-497D-810A-605C6BBF330C}.Release|Any CPU.ActiveCfg = Debug|Any CPU
		{D58C36E3-4AD5-497D-810A-605C6BBF330C}.Release|Any CPU.Build.0 = Debug|Any CPU
		{A6FD7B17-2C1C-4000-8BBF-DA2699C25507}.Debug|Any CPU.ActiveCfg = Debug|Any CPU
		{A6FD7B17-2C1C-4000-8BBF-DA2699C25507}.Debug|Any CPU.Build.0 = Debug|Any CPU
		{A6FD7B17-2C1C-4000-8BBF-DA2699C25507}.Release|Any CPU.ActiveCfg = Release|Any CPU
		{A6FD7B17-2C1C-4000-8BBF-DA2699C25507}.Release|Any CPU.Build.0 = Release|Any CPU
	EndGlobalSection
	GlobalSection(SolutionProperties) = preSolution
		HideSolutionNode = FALSE
	EndGlobalSection
	GlobalSection(ExtensibilityGlobals) = postSolution
		SolutionGuid = {3A58A3D1-2B63-4175-BE28-3C9F5B3B17FA}
	EndGlobalSection
EndGlobal
